
Microsoft Visual Studio Solution File, Format Version 12.00
# Visual Studio Version 17
VisualStudioVersion = 17.11.35312.102
MinimumVisualStudioVersion = 10.0.40219.1
Project("{9A19103F-16F7-4668-BE54-9A1E7A4F7556}") = "Model", "Model\Model.csproj", "{9B11FA8A-C5C7-470B-8EEF-3C9355C192ED}"
EndProject
Project("{9A19103F-16F7-4668-BE54-9A1E7A4F7556}") = "Ecommerce", "Ecommerce\Ecommerce.csproj", "{223FC3C7-9BCF-4DA8-9E02-F2C420063E36}"
EndProject
Project("{FAE04EC0-301F-11D3-BF4B-00C04F79EFBC}") = "Controller", "Controller\Controller.csproj", "{229B1CF5-F231-4C7B-A78E-7DE7A7F94FC2}"
EndProject
Global
	GlobalSection(SolutionConfigurationPlatforms) = preSolution
		Debug|Any CPU = Debug|Any CPU
		Release|Any CPU = Release|Any CPU
	EndGlobalSection
	GlobalSection(ProjectConfigurationPlatforms) = postSolution
		{9B11FA8A-C5C7-470B-8EEF-3C9355C192ED}.Debug|Any CPU.ActiveCfg = Debug|Any CPU
		{9B11FA8A-C5C7-470B-8EEF-3C9355C192ED}.Debug|Any CPU.Build.0 = Debug|Any CPU
		{9B11FA8A-C5C7-470B-8EEF-3C9355C192ED}.Release|Any CPU.ActiveCfg = Release|Any CPU
		{9B11FA8A-C5C7-470B-8EEF-3C9355C192ED}.Release|Any CPU.Build.0 = Release|Any CPU
		{223FC3C7-9BCF-4DA8-9E02-F2C420063E36}.Debug|Any CPU.ActiveCfg = Debug|Any CPU
		{223FC3C7-9BCF-4DA8-9E02-F2C420063E36}.Debug|Any CPU.Build.0 = Debug|Any CPU
		{223FC3C7-9BCF-4DA8-9E02-F2C420063E36}.Release|Any CPU.ActiveCfg = Release|Any CPU
		{223FC3C7-9BCF-4DA8-9E02-F2C420063E36}.Release|Any CPU.Build.0 = Release|Any CPU
		{229B1CF5-F231-4C7B-A78E-7DE7A7F94FC2}.Debug|Any CPU.ActiveCfg = Debug|Any CPU
		{229B1CF5-F231-4C7B-A78E-7DE7A7F94FC2}.Debug|Any CPU.Build.0 = Debug|Any CPU
		{229B1CF5-F231-4C7B-A78E-7DE7A7F94FC2}.Release|Any CPU.ActiveCfg = Release|Any CPU
		{229B1CF5-F231-4C7B-A78E-7DE7A7F94FC2}.Release|Any CPU.Build.0 = Release|Any CPU
	EndGlobalSection
	GlobalSection(SolutionProperties) = preSolution
		HideSolutionNode = FALSE
	EndGlobalSection
	GlobalSection(ExtensibilityGlobals) = postSolution
		SolutionGuid = {4AEE88E5-4866-441B-9412-2F954B60444D}
	EndGlobalSection
EndGlobal
